
Microsoft Visual Studio Solution File, Format Version 12.00
# Visual Studio 15
VisualStudioVersion = 15.0.27130.2010
MinimumVisualStudioVersion = 10.0.40219.1
Project("{9A19103F-16F7-4668-BE54-9A1E7A4F7556}") = "Gdc.Scd.DataAccessLayer", "Gdc.Scd.DataAccessLayer\Gdc.Scd.DataAccessLayer.csproj", "{8903EA84-F24A-4EF5-8CBA-6AAF1139D07D}"
EndProject
Project("{9A19103F-16F7-4668-BE54-9A1E7A4F7556}") = "Gdc.Scd.BusinessLogicLayer", "Gdc.Scd.BusinessLogicLayer\Gdc.Scd.BusinessLogicLayer.csproj", "{785FE9D5-3140-46BF-AF1B-EB3764397A44}"
EndProject
Project("{9A19103F-16F7-4668-BE54-9A1E7A4F7556}") = "Gdc.Scd.Core", "Gdc.Scd.Core\Gdc.Scd.Core.csproj", "{F587C0F8-3F2F-4F50-9EA2-2D8C74D8330B}"
EndProject
Project("{9A19103F-16F7-4668-BE54-9A1E7A4F7556}") = "Gdc.Scd.DataAccessLayer.TestData", "Gdc.Scd.DataAccessLayer.TestData\Gdc.Scd.DataAccessLayer.TestData.csproj", "{31C5D826-376B-42F6-A9E6-BF415D2EB277}"
EndProject
Project("{9A19103F-16F7-4668-BE54-9A1E7A4F7556}") = "Gdc.Scd.Web.Client", "Gdc.Scd.Web.Client\Gdc.Scd.Web.Client.csproj", "{E2CB81DD-EC96-4463-88AD-52BA52D6D0DA}"
EndProject
Project("{FAE04EC0-301F-11D3-BF4B-00C04F79EFBC}") = "Gdc.Scd.Web.Server", "Gdc.Scd.Web.Server\Gdc.Scd.Web.Server.csproj", "{4950B622-0EA6-436C-B502-BF22B560D41F}"
EndProject
Project("{FAE04EC0-301F-11D3-BF4B-00C04F79EFBC}") = "Gdc.Scd.Import.Por", "Gdc.Scd.Import.Por\Gdc.Scd.Import.Por.csproj", "{741EBD7B-DCFD-4247-AFD2-B5DB5ADDFBCE}"
EndProject
Project("{2150E333-8FDC-42A3-9474-1A3956D46DE8}") = "SharedLibraries", "SharedLibraries", "{1C127868-43C6-4815-A22F-8C1882802A87}"
	ProjectSection(SolutionItems) = preProject
		SharedLibraries\Fujitsu.GDC.ErrorNotification.dll = SharedLibraries\Fujitsu.GDC.ErrorNotification.dll
	EndProjectSection
EndProject
Project("{FAE04EC0-301F-11D3-BF4B-00C04F79EFBC}") = "Gdc.Scd.Import.Por.Core", "Gdc.Scd.Import.Por.Core\Gdc.Scd.Import.Por.Core.csproj", "{2C7950F5-92EA-4A0C-A620-3C473BC21097}"
EndProject
Project("{FAE04EC0-301F-11D3-BF4B-00C04F79EFBC}") = "Gdc.Scd.Import.Core", "Gdc.Scd.Import.Core\Gdc.Scd.Import.Core.csproj", "{0C98C07E-1FDF-43F1-93EA-D86AB3232F25}"
EndProject
Project("{FAE04EC0-301F-11D3-BF4B-00C04F79EFBC}") = "Gdc.Scd.Import.AmberRoad", "Gdc.Scd.Import.AmberRoad\Gdc.Scd.Import.AmberRoad.csproj", "{EC19442E-CFFE-4B88-AF6B-67D7122F82E7}"
EndProject
Project("{FAE04EC0-301F-11D3-BF4B-00C04F79EFBC}") = "Gdc.Scd.Import.Logistics", "Gdc.Scd.Import.Logistics\Gdc.Scd.Import.Logistics.csproj", "{A3772A95-3F11-4042-8C00-579D331627FB}"
EndProject
Project("{FAE04EC0-301F-11D3-BF4B-00C04F79EFBC}") = "Gdc.Scd.Import.Ebis.Afr", "Gdc.Scd.Import.Ebis.Afr\Gdc.Scd.Import.Ebis.Afr.csproj", "{A2918B3F-9857-4A64-A2DB-E28C1BACE1FF}"
EndProject
Project("{FAE04EC0-301F-11D3-BF4B-00C04F79EFBC}") = "Gdc.Scd.Import.Ebis.MCiW", "Gdc.Scd.Import.Ebis.MCiW\Gdc.Scd.Import.Ebis.MCiW.csproj", "{F2D6315C-A276-433F-813B-BAD4586145C6}"
EndProject
Project("{FAE04EC0-301F-11D3-BF4B-00C04F79EFBC}") = "Gdc.Scd.Import.Ebis.InstallBase", "Gdc.Scd.Import.Ebis.InstallBase\Gdc.Scd.Import.Ebis.InstallBase.csproj", "{9C4864AD-D649-4A6E-9C1E-45A9BEB8FD75}"
EndProject
Project("{FAE04EC0-301F-11D3-BF4B-00C04F79EFBC}") = "Gdc.Scd.Spooler", "Gdc.Scd.Spooler\Gdc.Scd.Spooler.csproj", "{C98A5155-A567-46C5-8D44-4F2568F41567}"
EndProject
Project("{FAE04EC0-301F-11D3-BF4B-00C04F79EFBC}") = "Gdc.Scd.Import.SfabImport", "Gdc.Scd.Import.SfabImport\Gdc.Scd.Import.SfabImport.csproj", "{8EF3BD31-B3E2-4BBC-A0D0-8E4C8728699F}"
EndProject
Project("{FAE04EC0-301F-11D3-BF4B-00C04F79EFBC}") = "Gdc.Scd.Export.CdCs", "Gdc.Scd.Export.CdCs\Gdc.Scd.Export.CdCs.csproj", "{7479E275-0666-47BA-AD26-10285A0F1E75}"
EndProject
Project("{2150E333-8FDC-42A3-9474-1A3956D46DE8}") = "Tests", "Tests", "{C927EC61-9181-455D-8473-3FB7AB88A997}"
EndProject
Project("{2150E333-8FDC-42A3-9474-1A3956D46DE8}") = "Integration", "Integration", "{F83C2639-1AD2-4660-86A8-984B64DD9CAA}"
EndProject
Project("{FAE04EC0-301F-11D3-BF4B-00C04F79EFBC}") = "Gdc.Scd.Tests.Util", "Gdc.Scd.Tests.Util\Gdc.Scd.Tests.Util.csproj", "{920E1683-41C8-4C7C-AA52-E976FEAA4D2D}"
EndProject
Project("{FAE04EC0-301F-11D3-BF4B-00C04F79EFBC}") = "Gdc.Scd.Tests.Integration.BusinessLogicLayer", "Gdc.Scd.Tests.Integration.BusinessLogicLayer\Gdc.Scd.Tests.Integration.BusinessLogicLayer.csproj", "{4537345E-B8F7-47A6-8E02-F670B8359797}"
EndProject
Project("{FAE04EC0-301F-11D3-BF4B-00C04F79EFBC}") = "Gdc.Scd.Import.ExchangeRates", "Gdc.Scd.Import.ExchangeRates\Gdc.Scd.Import.ExchangeRates.csproj", "{E51D31BA-94BF-4200-80A3-535A95F95BD8}"
EndProject
Project("{FAE04EC0-301F-11D3-BF4B-00C04F79EFBC}") = "Gdc.Scd.Import.CentralContractGroup", "Gdc.Scd.Import.CentralContractGroup\Gdc.Scd.Import.CentralContractGroup.csproj", "{72E3DBA1-B2C5-4A32-A41D-54D84624400E}"
EndProject
Global
	GlobalSection(SolutionConfigurationPlatforms) = preSolution
		Debug|Any CPU = Debug|Any CPU
		Release|Any CPU = Release|Any CPU
	EndGlobalSection
	GlobalSection(ProjectConfigurationPlatforms) = postSolution
		{8903EA84-F24A-4EF5-8CBA-6AAF1139D07D}.Debug|Any CPU.ActiveCfg = Debug|Any CPU
		{8903EA84-F24A-4EF5-8CBA-6AAF1139D07D}.Debug|Any CPU.Build.0 = Debug|Any CPU
		{8903EA84-F24A-4EF5-8CBA-6AAF1139D07D}.Release|Any CPU.ActiveCfg = Release|Any CPU
		{8903EA84-F24A-4EF5-8CBA-6AAF1139D07D}.Release|Any CPU.Build.0 = Release|Any CPU
		{785FE9D5-3140-46BF-AF1B-EB3764397A44}.Debug|Any CPU.ActiveCfg = Debug|Any CPU
		{785FE9D5-3140-46BF-AF1B-EB3764397A44}.Debug|Any CPU.Build.0 = Debug|Any CPU
		{785FE9D5-3140-46BF-AF1B-EB3764397A44}.Release|Any CPU.ActiveCfg = Release|Any CPU
		{785FE9D5-3140-46BF-AF1B-EB3764397A44}.Release|Any CPU.Build.0 = Release|Any CPU
		{F587C0F8-3F2F-4F50-9EA2-2D8C74D8330B}.Debug|Any CPU.ActiveCfg = Debug|Any CPU
		{F587C0F8-3F2F-4F50-9EA2-2D8C74D8330B}.Debug|Any CPU.Build.0 = Debug|Any CPU
		{F587C0F8-3F2F-4F50-9EA2-2D8C74D8330B}.Release|Any CPU.ActiveCfg = Release|Any CPU
		{F587C0F8-3F2F-4F50-9EA2-2D8C74D8330B}.Release|Any CPU.Build.0 = Release|Any CPU
		{31C5D826-376B-42F6-A9E6-BF415D2EB277}.Debug|Any CPU.ActiveCfg = Debug|Any CPU
		{31C5D826-376B-42F6-A9E6-BF415D2EB277}.Debug|Any CPU.Build.0 = Debug|Any CPU
		{31C5D826-376B-42F6-A9E6-BF415D2EB277}.Release|Any CPU.ActiveCfg = Release|Any CPU
		{31C5D826-376B-42F6-A9E6-BF415D2EB277}.Release|Any CPU.Build.0 = Release|Any CPU
		{E2CB81DD-EC96-4463-88AD-52BA52D6D0DA}.Debug|Any CPU.ActiveCfg = Debug|Any CPU
		{E2CB81DD-EC96-4463-88AD-52BA52D6D0DA}.Debug|Any CPU.Build.0 = Debug|Any CPU
		{E2CB81DD-EC96-4463-88AD-52BA52D6D0DA}.Release|Any CPU.ActiveCfg = Release|Any CPU
		{E2CB81DD-EC96-4463-88AD-52BA52D6D0DA}.Release|Any CPU.Build.0 = Release|Any CPU
		{4950B622-0EA6-436C-B502-BF22B560D41F}.Debug|Any CPU.ActiveCfg = Debug|Any CPU
		{4950B622-0EA6-436C-B502-BF22B560D41F}.Debug|Any CPU.Build.0 = Debug|Any CPU
		{4950B622-0EA6-436C-B502-BF22B560D41F}.Release|Any CPU.ActiveCfg = Release|Any CPU
		{4950B622-0EA6-436C-B502-BF22B560D41F}.Release|Any CPU.Build.0 = Release|Any CPU
		{741EBD7B-DCFD-4247-AFD2-B5DB5ADDFBCE}.Debug|Any CPU.ActiveCfg = Debug|Any CPU
		{741EBD7B-DCFD-4247-AFD2-B5DB5ADDFBCE}.Debug|Any CPU.Build.0 = Debug|Any CPU
		{741EBD7B-DCFD-4247-AFD2-B5DB5ADDFBCE}.Release|Any CPU.ActiveCfg = Release|Any CPU
		{741EBD7B-DCFD-4247-AFD2-B5DB5ADDFBCE}.Release|Any CPU.Build.0 = Release|Any CPU
		{2C7950F5-92EA-4A0C-A620-3C473BC21097}.Debug|Any CPU.ActiveCfg = Debug|Any CPU
		{2C7950F5-92EA-4A0C-A620-3C473BC21097}.Debug|Any CPU.Build.0 = Debug|Any CPU
		{2C7950F5-92EA-4A0C-A620-3C473BC21097}.Release|Any CPU.ActiveCfg = Release|Any CPU
		{2C7950F5-92EA-4A0C-A620-3C473BC21097}.Release|Any CPU.Build.0 = Release|Any CPU
		{0C98C07E-1FDF-43F1-93EA-D86AB3232F25}.Debug|Any CPU.ActiveCfg = Debug|Any CPU
		{0C98C07E-1FDF-43F1-93EA-D86AB3232F25}.Debug|Any CPU.Build.0 = Debug|Any CPU
		{0C98C07E-1FDF-43F1-93EA-D86AB3232F25}.Release|Any CPU.ActiveCfg = Release|Any CPU
		{0C98C07E-1FDF-43F1-93EA-D86AB3232F25}.Release|Any CPU.Build.0 = Release|Any CPU
		{EC19442E-CFFE-4B88-AF6B-67D7122F82E7}.Debug|Any CPU.ActiveCfg = Debug|Any CPU
		{EC19442E-CFFE-4B88-AF6B-67D7122F82E7}.Debug|Any CPU.Build.0 = Debug|Any CPU
		{EC19442E-CFFE-4B88-AF6B-67D7122F82E7}.Release|Any CPU.ActiveCfg = Release|Any CPU
		{EC19442E-CFFE-4B88-AF6B-67D7122F82E7}.Release|Any CPU.Build.0 = Release|Any CPU
		{A3772A95-3F11-4042-8C00-579D331627FB}.Debug|Any CPU.ActiveCfg = Debug|Any CPU
		{A3772A95-3F11-4042-8C00-579D331627FB}.Debug|Any CPU.Build.0 = Debug|Any CPU
		{A3772A95-3F11-4042-8C00-579D331627FB}.Release|Any CPU.ActiveCfg = Release|Any CPU
		{A3772A95-3F11-4042-8C00-579D331627FB}.Release|Any CPU.Build.0 = Release|Any CPU
		{A2918B3F-9857-4A64-A2DB-E28C1BACE1FF}.Debug|Any CPU.ActiveCfg = Debug|Any CPU
		{A2918B3F-9857-4A64-A2DB-E28C1BACE1FF}.Debug|Any CPU.Build.0 = Debug|Any CPU
		{A2918B3F-9857-4A64-A2DB-E28C1BACE1FF}.Release|Any CPU.ActiveCfg = Release|Any CPU
		{A2918B3F-9857-4A64-A2DB-E28C1BACE1FF}.Release|Any CPU.Build.0 = Release|Any CPU
		{F2D6315C-A276-433F-813B-BAD4586145C6}.Debug|Any CPU.ActiveCfg = Debug|Any CPU
		{F2D6315C-A276-433F-813B-BAD4586145C6}.Debug|Any CPU.Build.0 = Debug|Any CPU
		{F2D6315C-A276-433F-813B-BAD4586145C6}.Release|Any CPU.ActiveCfg = Release|Any CPU
		{F2D6315C-A276-433F-813B-BAD4586145C6}.Release|Any CPU.Build.0 = Release|Any CPU
		{9C4864AD-D649-4A6E-9C1E-45A9BEB8FD75}.Debug|Any CPU.ActiveCfg = Debug|Any CPU
		{9C4864AD-D649-4A6E-9C1E-45A9BEB8FD75}.Debug|Any CPU.Build.0 = Debug|Any CPU
		{9C4864AD-D649-4A6E-9C1E-45A9BEB8FD75}.Release|Any CPU.ActiveCfg = Release|Any CPU
		{9C4864AD-D649-4A6E-9C1E-45A9BEB8FD75}.Release|Any CPU.Build.0 = Release|Any CPU
		{C98A5155-A567-46C5-8D44-4F2568F41567}.Debug|Any CPU.ActiveCfg = Debug|Any CPU
		{C98A5155-A567-46C5-8D44-4F2568F41567}.Debug|Any CPU.Build.0 = Debug|Any CPU
		{C98A5155-A567-46C5-8D44-4F2568F41567}.Release|Any CPU.ActiveCfg = Release|Any CPU
		{C98A5155-A567-46C5-8D44-4F2568F41567}.Release|Any CPU.Build.0 = Release|Any CPU
		{8EF3BD31-B3E2-4BBC-A0D0-8E4C8728699F}.Debug|Any CPU.ActiveCfg = Debug|Any CPU
		{8EF3BD31-B3E2-4BBC-A0D0-8E4C8728699F}.Debug|Any CPU.Build.0 = Debug|Any CPU
		{8EF3BD31-B3E2-4BBC-A0D0-8E4C8728699F}.Release|Any CPU.ActiveCfg = Release|Any CPU
		{8EF3BD31-B3E2-4BBC-A0D0-8E4C8728699F}.Release|Any CPU.Build.0 = Release|Any CPU
		{7479E275-0666-47BA-AD26-10285A0F1E75}.Debug|Any CPU.ActiveCfg = Debug|Any CPU
		{7479E275-0666-47BA-AD26-10285A0F1E75}.Debug|Any CPU.Build.0 = Debug|Any CPU
		{7479E275-0666-47BA-AD26-10285A0F1E75}.Release|Any CPU.ActiveCfg = Release|Any CPU
		{7479E275-0666-47BA-AD26-10285A0F1E75}.Release|Any CPU.Build.0 = Release|Any CPU
		{920E1683-41C8-4C7C-AA52-E976FEAA4D2D}.Debug|Any CPU.ActiveCfg = Debug|Any CPU
		{920E1683-41C8-4C7C-AA52-E976FEAA4D2D}.Debug|Any CPU.Build.0 = Debug|Any CPU
		{920E1683-41C8-4C7C-AA52-E976FEAA4D2D}.Release|Any CPU.ActiveCfg = Release|Any CPU
		{920E1683-41C8-4C7C-AA52-E976FEAA4D2D}.Release|Any CPU.Build.0 = Release|Any CPU
		{4537345E-B8F7-47A6-8E02-F670B8359797}.Debug|Any CPU.ActiveCfg = Debug|Any CPU
		{4537345E-B8F7-47A6-8E02-F670B8359797}.Debug|Any CPU.Build.0 = Debug|Any CPU
		{4537345E-B8F7-47A6-8E02-F670B8359797}.Release|Any CPU.ActiveCfg = Release|Any CPU
		{4537345E-B8F7-47A6-8E02-F670B8359797}.Release|Any CPU.Build.0 = Release|Any CPU
		{E51D31BA-94BF-4200-80A3-535A95F95BD8}.Debug|Any CPU.ActiveCfg = Debug|Any CPU
		{E51D31BA-94BF-4200-80A3-535A95F95BD8}.Debug|Any CPU.Build.0 = Debug|Any CPU
		{E51D31BA-94BF-4200-80A3-535A95F95BD8}.Release|Any CPU.ActiveCfg = Release|Any CPU
		{E51D31BA-94BF-4200-80A3-535A95F95BD8}.Release|Any CPU.Build.0 = Release|Any CPU
		{72E3DBA1-B2C5-4A32-A41D-54D84624400E}.Debug|Any CPU.ActiveCfg = Debug|Any CPU
		{72E3DBA1-B2C5-4A32-A41D-54D84624400E}.Debug|Any CPU.Build.0 = Debug|Any CPU
		{72E3DBA1-B2C5-4A32-A41D-54D84624400E}.Release|Any CPU.ActiveCfg = Release|Any CPU
		{72E3DBA1-B2C5-4A32-A41D-54D84624400E}.Release|Any CPU.Build.0 = Release|Any CPU
	EndGlobalSection
	GlobalSection(SolutionProperties) = preSolution
		HideSolutionNode = FALSE
	EndGlobalSection
	GlobalSection(NestedProjects) = preSolution
		{F83C2639-1AD2-4660-86A8-984B64DD9CAA} = {C927EC61-9181-455D-8473-3FB7AB88A997}
		{920E1683-41C8-4C7C-AA52-E976FEAA4D2D} = {C927EC61-9181-455D-8473-3FB7AB88A997}
		{4537345E-B8F7-47A6-8E02-F670B8359797} = {F83C2639-1AD2-4660-86A8-984B64DD9CAA}
	EndGlobalSection
	GlobalSection(ExtensibilityGlobals) = postSolution
		SolutionGuid = {A46F9BCF-9A07-4273-89CA-A06CF807AFCC}
	EndGlobalSection
EndGlobal
