
Microsoft Visual Studio Solution File, Format Version 12.00
# Visual Studio 15
VisualStudioVersion = 15.0.27004.2006
MinimumVisualStudioVersion = 10.0.40219.1
Project("{9A19103F-16F7-4668-BE54-9A1E7A4F7556}") = "Gdc.Scd.DataAccessLayer", "Gdc.Scd.DataAccessLayer\Gdc.Scd.DataAccessLayer.csproj", "{8903EA84-F24A-4EF5-8CBA-6AAF1139D07D}"
EndProject
Project("{9A19103F-16F7-4668-BE54-9A1E7A4F7556}") = "Gdc.Scd.BusinessLogicLayer", "Gdc.Scd.BusinessLogicLayer\Gdc.Scd.BusinessLogicLayer.csproj", "{785FE9D5-3140-46BF-AF1B-EB3764397A44}"
EndProject
Project("{9A19103F-16F7-4668-BE54-9A1E7A4F7556}") = "Gdc.Scd.Core", "Gdc.Scd.Core\Gdc.Scd.Core.csproj", "{F587C0F8-3F2F-4F50-9EA2-2D8C74D8330B}"
EndProject
Project("{9A19103F-16F7-4668-BE54-9A1E7A4F7556}") = "Gdc.Scd.DataAccessLayer.TestData", "Gdc.Scd.DataAccessLayer.TestData\Gdc.Scd.DataAccessLayer.TestData.csproj", "{31C5D826-376B-42F6-A9E6-BF415D2EB277}"
EndProject
Project("{9A19103F-16F7-4668-BE54-9A1E7A4F7556}") = "Gdc.Scd.Web.Client", "Gdc.Scd.Web.Client\Gdc.Scd.Web.Client.csproj", "{E2CB81DD-EC96-4463-88AD-52BA52D6D0DA}"
EndProject
Project("{FAE04EC0-301F-11D3-BF4B-00C04F79EFBC}") = "Gdc.Scd.Web.Server", "Gdc.Scd.Web.Server\Gdc.Scd.Web.Server.csproj", "{4950B622-0EA6-436C-B502-BF22B560D41F}"
EndProject
Project("{FAE04EC0-301F-11D3-BF4B-00C04F79EFBC}") = "Gdc.Scd.Import.Por", "Gdc.Scd.Import.Por\Gdc.Scd.Import.Por.csproj", "{741EBD7B-DCFD-4247-AFD2-B5DB5ADDFBCE}"
EndProject
Project("{2150E333-8FDC-42A3-9474-1A3956D46DE8}") = "SharedLibraries", "SharedLibraries", "{1C127868-43C6-4815-A22F-8C1882802A87}"
	ProjectSection(SolutionItems) = preProject
		SharedLibraries\Fujitsu.GDC.ErrorNotification.dll = SharedLibraries\Fujitsu.GDC.ErrorNotification.dll
	EndProjectSection
EndProject
Project("{FAE04EC0-301F-11D3-BF4B-00C04F79EFBC}") = "Gdc.Scd.Import.Por.Core", "Gdc.Scd.Import.Por.Core\Gdc.Scd.Import.Por.Core.csproj", "{2C7950F5-92EA-4A0C-A620-3C473BC21097}"
EndProject
Project("{FAE04EC0-301F-11D3-BF4B-00C04F79EFBC}") = "Gdc.Scd.Import.Core", "Gdc.Scd.Import.Core\Gdc.Scd.Import.Core.csproj", "{0C98C07E-1FDF-43F1-93EA-D86AB3232F25}"
EndProject
Project("{FAE04EC0-301F-11D3-BF4B-00C04F79EFBC}") = "Gdc.Scd.Import.AmberRoad", "Gdc.Scd.Import.AmberRoad\Gdc.Scd.Import.AmberRoad.csproj", "{EC19442E-CFFE-4B88-AF6B-67D7122F82E7}"
EndProject
Project("{FAE04EC0-301F-11D3-BF4B-00C04F79EFBC}") = "Gdc.Scd.Import.Logistics", "Gdc.Scd.Import.Logistics\Gdc.Scd.Import.Logistics.csproj", "{A3772A95-3F11-4042-8C00-579D331627FB}"
EndProject
Project("{FAE04EC0-301F-11D3-BF4B-00C04F79EFBC}") = "Gdc.Scd.Import.Ebis.Afr", "Gdc.Scd.Import.Ebis.Afr\Gdc.Scd.Import.Ebis.Afr.csproj", "{A2918B3F-9857-4A64-A2DB-E28C1BACE1FF}"
EndProject
Project("{FAE04EC0-301F-11D3-BF4B-00C04F79EFBC}") = "Gdc.Scd.Import.Ebis.MCiW", "Gdc.Scd.Import.Ebis.MCiW\Gdc.Scd.Import.Ebis.MCiW.csproj", "{F2D6315C-A276-433F-813B-BAD4586145C6}"
EndProject
Project("{FAE04EC0-301F-11D3-BF4B-00C04F79EFBC}") = "Gdc.Scd.Import.Ebis.InstallBase", "Gdc.Scd.Import.Ebis.InstallBase\Gdc.Scd.Import.Ebis.InstallBase.csproj", "{9C4864AD-D649-4A6E-9C1E-45A9BEB8FD75}"
EndProject
Project("{FAE04EC0-301F-11D3-BF4B-00C04F79EFBC}") = "Gdc.Scd.Spooler", "Gdc.Scd.Spooler\Gdc.Scd.Spooler.csproj", "{C98A5155-A567-46C5-8D44-4F2568F41567}"
EndProject
Project("{FAE04EC0-301F-11D3-BF4B-00C04F79EFBC}") = "Gdc.Scd.Import.SfabImport", "Gdc.Scd.Import.SfabImport\Gdc.Scd.Import.SfabImport.csproj", "{8EF3BD31-B3E2-4BBC-A0D0-8E4C8728699F}"
EndProject
Project("{FAE04EC0-301F-11D3-BF4B-00C04F79EFBC}") = "Gdc.Scd.Export.CdCs", "Gdc.Scd.Export.CdCs\Gdc.Scd.Export.CdCs.csproj", "{7479E275-0666-47BA-AD26-10285A0F1E75}"
EndProject
Project("{2150E333-8FDC-42A3-9474-1A3956D46DE8}") = "Tests", "Tests", "{C927EC61-9181-455D-8473-3FB7AB88A997}"
EndProject
Project("{2150E333-8FDC-42A3-9474-1A3956D46DE8}") = "Integration", "Integration", "{F83C2639-1AD2-4660-86A8-984B64DD9CAA}"
EndProject
Project("{FAE04EC0-301F-11D3-BF4B-00C04F79EFBC}") = "Gdc.Scd.Tests.Util", "Gdc.Scd.Tests.Util\Gdc.Scd.Tests.Util.csproj", "{920E1683-41C8-4C7C-AA52-E976FEAA4D2D}"
EndProject
Project("{FAE04EC0-301F-11D3-BF4B-00C04F79EFBC}") = "Gdc.Scd.Tests.Integration.BusinessLogicLayer", "Gdc.Scd.Tests.Integration.BusinessLogicLayer\Gdc.Scd.Tests.Integration.BusinessLogicLayer.csproj", "{4537345E-B8F7-47A6-8E02-F670B8359797}"
EndProject
Project("{FAE04EC0-301F-11D3-BF4B-00C04F79EFBC}") = "Gdc.Scd.Import.ExchangeRatesJob", "Gdc.Scd.Import.ExchangeRates\Gdc.Scd.Import.ExchangeRatesJob.csproj", "{E51D31BA-94BF-4200-80A3-535A95F95BD8}"
EndProject
Project("{FAE04EC0-301F-11D3-BF4B-00C04F79EFBC}") = "Gdc.Scd.Import.CentralContractGroup", "Gdc.Scd.Import.CentralContractGroup\Gdc.Scd.Import.CentralContractGroup.csproj", "{72E3DBA1-B2C5-4A32-A41D-54D84624400E}"
EndProject
Project("{FAE04EC0-301F-11D3-BF4B-00C04F79EFBC}") = "Gdc.Scd.Tests.BusinessLogicLayer", "Gdc.Scd.Tests.BusinessLogicLayer\Gdc.Scd.Tests.BusinessLogicLayer.csproj", "{28974CF0-7147-43FB-9978-2FA104EDBAD9}"
EndProject
Project("{FAE04EC0-301F-11D3-BF4B-00C04F79EFBC}") = "Gdc.Scd.MigrationTool", "Gdc.Scd.MigrationTool\Gdc.Scd.MigrationTool.csproj", "{D9A9C773-1E12-43C2-A665-711277962C00}"
EndProject
Project("{FAE04EC0-301F-11D3-BF4B-00C04F79EFBC}") = "Gdc.Scd.Export.ArchiveJob", "Gdc.Scd.Export.Archive\Gdc.Scd.Export.ArchiveJob.csproj", "{D8DAE070-26E3-451A-8611-8A2756342D49}"
EndProject
Project("{FAE04EC0-301F-11D3-BF4B-00C04F79EFBC}") = "Gdc.Scd.Tests.Integration.Export.Archive", "Gdc.Scd.Tests.Integration.Export.Archive\Gdc.Scd.Tests.Integration.Export.Archive.csproj", "{2ED69B18-C56A-4836-9F04-AC24461C6FEF}"
EndProject
Project("{FAE04EC0-301F-11D3-BF4B-00C04F79EFBC}") = "Gdc.Scd.Export.ArchiveResultSenderJob", "Gdc.Scd.Export.ArchiveResultSender\Gdc.Scd.Export.ArchiveResultSenderJob.csproj", "{FA1F3056-AD29-4F38-8553-15E690079280}"
EndProject
Project("{FAE04EC0-301F-11D3-BF4B-00C04F79EFBC}") = "Gdc.Scd.Tests.Integration.Import.Ebis.InstallBase", "Gdc.Scd.Tests.Integration.Import.Ebis.InstallBase\Gdc.Scd.Tests.Integration.Import.Ebis.InstallBase.csproj", "{8C1102E1-3077-42D5-B0F5-0F473159BD25}"
EndProject
Project("{FAE04EC0-301F-11D3-BF4B-00C04F79EFBC}") = "Gdc.Scd.CopyDataTool", "Gdc.Scd.CopyDataTool\Gdc.Scd.CopyDataTool.csproj", "{67D52392-6E87-4DE4-91CD-C4C388E3B344}"
EndProject
Project("{FAE04EC0-301F-11D3-BF4B-00C04F79EFBC}") = "Gdc.Scd.Tests.Integration.Import.Por", "Gdc.Scd.Tests.Integration.Import.Por\Gdc.Scd.Tests.Integration.Import.Por.csproj", "{BE41F725-4DDB-4CF5-8B0B-EC35D59FA255}"
EndProject
Project("{FAE04EC0-301F-11D3-BF4B-00C04F79EFBC}") = "Gdc.Scd.Tests.Integration.Export.CdCs", "Gdc.Scd.Tests.Integration.Export.CdCs\Gdc.Scd.Tests.Integration.Export.CdCs.csproj", "{1E0A4343-B168-4F5C-923B-A8058E667D28}"
EndProject
Project("{FAE04EC0-301F-11D3-BF4B-00C04F79EFBC}") = "Gdc.Scd.Tests.Integration.Import.Logistics", "Gdc.Scd.Tests.Integration.Import.Logistics\Gdc.Scd.Tests.Integration.Import.Logistics.csproj", "{DAB8DF86-D5E6-43DB-A164-9B3E6EF11B65}"
EndProject
Project("{FAE04EC0-301F-11D3-BF4B-00C04F79EFBC}") = "Gdc.Scd.Tests.DataAccessLayer", "Gdc.Scd.Tests.DataAccessLayer\Gdc.Scd.Tests.DataAccessLayer.csproj", "{42F10119-2C7E-4EB5-8E5D-3D48AC58759A}"
EndProject
Project("{FAE04EC0-301F-11D3-BF4B-00C04F79EFBC}") = "Gdc.Scd.Tests.Integration.Export.ArchiveResultSender", "Gdc.Scd.Tests.Integration.Export.ArchiveResultSender\Gdc.Scd.Tests.Integration.Export.ArchiveResultSender.csproj", "{B860C326-4187-48B8-98EA-BB7A3378EE7F}"
EndProject
Project("{FAE04EC0-301F-11D3-BF4B-00C04F79EFBC}") = "Gdc.Scd.Tests.Integration.Import.AmberRoad", "Gdc.Scd.Tests.Integration.Import.AmberRoad\Gdc.Scd.Tests.Integration.Import.AmberRoad.csproj", "{ECB46E8A-C935-4D55-ABEF-150A4AFFB946}"
EndProject
Project("{FAE04EC0-301F-11D3-BF4B-00C04F79EFBC}") = "Gdc.Scd.Tests.Integration.Import.CentralContractGroup", "Gdc.Scd.Tests.Integration.Import.CentralContractGroup\Gdc.Scd.Tests.Integration.Import.CentralContractGroup.csproj", "{B627AC2E-17D4-4CE8-A615-5516E69F9BA1}"
EndProject
Project("{FAE04EC0-301F-11D3-BF4B-00C04F79EFBC}") = "Gdc.Scd.Tests.Integration.Import.Ebis.Afr", "Gdc.Scd.Tests.Integration.Import.Ebis.Afr\Gdc.Scd.Tests.Integration.Import.Ebis.Afr.csproj", "{43EDCD2B-AC9A-4D0F-8DB5-DC51189F2878}"
EndProject
Project("{FAE04EC0-301F-11D3-BF4B-00C04F79EFBC}") = "Gdc.Scd.Tests.Integration.Import.Ebis.MCiW", "Gdc.Scd.Tests.Integration.Import.Ebis.MCiW\Gdc.Scd.Tests.Integration.Import.Ebis.MCiW.csproj", "{F7F68380-1B04-4D02-9F76-E1C3667772FB}"
EndProject
Project("{FAE04EC0-301F-11D3-BF4B-00C04F79EFBC}") = "Gdc.Scd.Tests.Integration.Import.ExchangeRatesJob", "Gdc.Scd.Tests.Integration.Import.ExchangeRatesJob\Gdc.Scd.Tests.Integration.Import.ExchangeRatesJob.csproj", "{59A90715-4B88-459B-8211-1552821F858C}"
EndProject
Project("{FAE04EC0-301F-11D3-BF4B-00C04F79EFBC}") = "Gdc.Scd.Tests.Integration.Import.SfabImport", "Gdc.Scd.Tests.Integration.Import.SfabImport\Gdc.Scd.Tests.Integration.Import.SfabImport.csproj", "{37A51E57-9000-4E0C-8551-664119831EC9}"
EndProject
Global
	GlobalSection(SolutionConfigurationPlatforms) = preSolution
		Debug|Any CPU = Debug|Any CPU
		Release|Any CPU = Release|Any CPU
	EndGlobalSection
	GlobalSection(ProjectConfigurationPlatforms) = postSolution
		{8903EA84-F24A-4EF5-8CBA-6AAF1139D07D}.Debug|Any CPU.ActiveCfg = Debug|Any CPU
		{8903EA84-F24A-4EF5-8CBA-6AAF1139D07D}.Debug|Any CPU.Build.0 = Debug|Any CPU
		{8903EA84-F24A-4EF5-8CBA-6AAF1139D07D}.Release|Any CPU.ActiveCfg = Release|Any CPU
		{8903EA84-F24A-4EF5-8CBA-6AAF1139D07D}.Release|Any CPU.Build.0 = Release|Any CPU
		{785FE9D5-3140-46BF-AF1B-EB3764397A44}.Debug|Any CPU.ActiveCfg = Debug|Any CPU
		{785FE9D5-3140-46BF-AF1B-EB3764397A44}.Debug|Any CPU.Build.0 = Debug|Any CPU
		{785FE9D5-3140-46BF-AF1B-EB3764397A44}.Release|Any CPU.ActiveCfg = Release|Any CPU
		{785FE9D5-3140-46BF-AF1B-EB3764397A44}.Release|Any CPU.Build.0 = Release|Any CPU
		{F587C0F8-3F2F-4F50-9EA2-2D8C74D8330B}.Debug|Any CPU.ActiveCfg = Debug|Any CPU
		{F587C0F8-3F2F-4F50-9EA2-2D8C74D8330B}.Debug|Any CPU.Build.0 = Debug|Any CPU
		{F587C0F8-3F2F-4F50-9EA2-2D8C74D8330B}.Release|Any CPU.ActiveCfg = Release|Any CPU
		{F587C0F8-3F2F-4F50-9EA2-2D8C74D8330B}.Release|Any CPU.Build.0 = Release|Any CPU
		{31C5D826-376B-42F6-A9E6-BF415D2EB277}.Debug|Any CPU.ActiveCfg = Debug|Any CPU
		{31C5D826-376B-42F6-A9E6-BF415D2EB277}.Debug|Any CPU.Build.0 = Debug|Any CPU
		{31C5D826-376B-42F6-A9E6-BF415D2EB277}.Release|Any CPU.ActiveCfg = Release|Any CPU
		{31C5D826-376B-42F6-A9E6-BF415D2EB277}.Release|Any CPU.Build.0 = Release|Any CPU
		{E2CB81DD-EC96-4463-88AD-52BA52D6D0DA}.Debug|Any CPU.ActiveCfg = Debug|Any CPU
		{E2CB81DD-EC96-4463-88AD-52BA52D6D0DA}.Debug|Any CPU.Build.0 = Debug|Any CPU
		{E2CB81DD-EC96-4463-88AD-52BA52D6D0DA}.Release|Any CPU.ActiveCfg = Release|Any CPU
		{E2CB81DD-EC96-4463-88AD-52BA52D6D0DA}.Release|Any CPU.Build.0 = Release|Any CPU
		{4950B622-0EA6-436C-B502-BF22B560D41F}.Debug|Any CPU.ActiveCfg = Debug|Any CPU
		{4950B622-0EA6-436C-B502-BF22B560D41F}.Debug|Any CPU.Build.0 = Debug|Any CPU
		{4950B622-0EA6-436C-B502-BF22B560D41F}.Release|Any CPU.ActiveCfg = Release|Any CPU
		{4950B622-0EA6-436C-B502-BF22B560D41F}.Release|Any CPU.Build.0 = Release|Any CPU
		{741EBD7B-DCFD-4247-AFD2-B5DB5ADDFBCE}.Debug|Any CPU.ActiveCfg = Debug|Any CPU
		{741EBD7B-DCFD-4247-AFD2-B5DB5ADDFBCE}.Debug|Any CPU.Build.0 = Debug|Any CPU
		{741EBD7B-DCFD-4247-AFD2-B5DB5ADDFBCE}.Release|Any CPU.ActiveCfg = Release|Any CPU
		{741EBD7B-DCFD-4247-AFD2-B5DB5ADDFBCE}.Release|Any CPU.Build.0 = Release|Any CPU
		{2C7950F5-92EA-4A0C-A620-3C473BC21097}.Debug|Any CPU.ActiveCfg = Debug|Any CPU
		{2C7950F5-92EA-4A0C-A620-3C473BC21097}.Debug|Any CPU.Build.0 = Debug|Any CPU
		{2C7950F5-92EA-4A0C-A620-3C473BC21097}.Release|Any CPU.ActiveCfg = Release|Any CPU
		{2C7950F5-92EA-4A0C-A620-3C473BC21097}.Release|Any CPU.Build.0 = Release|Any CPU
		{0C98C07E-1FDF-43F1-93EA-D86AB3232F25}.Debug|Any CPU.ActiveCfg = Debug|Any CPU
		{0C98C07E-1FDF-43F1-93EA-D86AB3232F25}.Debug|Any CPU.Build.0 = Debug|Any CPU
		{0C98C07E-1FDF-43F1-93EA-D86AB3232F25}.Release|Any CPU.ActiveCfg = Release|Any CPU
		{0C98C07E-1FDF-43F1-93EA-D86AB3232F25}.Release|Any CPU.Build.0 = Release|Any CPU
		{EC19442E-CFFE-4B88-AF6B-67D7122F82E7}.Debug|Any CPU.ActiveCfg = Debug|Any CPU
		{EC19442E-CFFE-4B88-AF6B-67D7122F82E7}.Debug|Any CPU.Build.0 = Debug|Any CPU
		{EC19442E-CFFE-4B88-AF6B-67D7122F82E7}.Release|Any CPU.ActiveCfg = Release|Any CPU
		{EC19442E-CFFE-4B88-AF6B-67D7122F82E7}.Release|Any CPU.Build.0 = Release|Any CPU
		{A3772A95-3F11-4042-8C00-579D331627FB}.Debug|Any CPU.ActiveCfg = Debug|Any CPU
		{A3772A95-3F11-4042-8C00-579D331627FB}.Debug|Any CPU.Build.0 = Debug|Any CPU
		{A3772A95-3F11-4042-8C00-579D331627FB}.Release|Any CPU.ActiveCfg = Release|Any CPU
		{A3772A95-3F11-4042-8C00-579D331627FB}.Release|Any CPU.Build.0 = Release|Any CPU
		{A2918B3F-9857-4A64-A2DB-E28C1BACE1FF}.Debug|Any CPU.ActiveCfg = Debug|Any CPU
		{A2918B3F-9857-4A64-A2DB-E28C1BACE1FF}.Debug|Any CPU.Build.0 = Debug|Any CPU
		{A2918B3F-9857-4A64-A2DB-E28C1BACE1FF}.Release|Any CPU.ActiveCfg = Release|Any CPU
		{A2918B3F-9857-4A64-A2DB-E28C1BACE1FF}.Release|Any CPU.Build.0 = Release|Any CPU
		{F2D6315C-A276-433F-813B-BAD4586145C6}.Debug|Any CPU.ActiveCfg = Debug|Any CPU
		{F2D6315C-A276-433F-813B-BAD4586145C6}.Debug|Any CPU.Build.0 = Debug|Any CPU
		{F2D6315C-A276-433F-813B-BAD4586145C6}.Release|Any CPU.ActiveCfg = Release|Any CPU
		{F2D6315C-A276-433F-813B-BAD4586145C6}.Release|Any CPU.Build.0 = Release|Any CPU
		{9C4864AD-D649-4A6E-9C1E-45A9BEB8FD75}.Debug|Any CPU.ActiveCfg = Debug|Any CPU
		{9C4864AD-D649-4A6E-9C1E-45A9BEB8FD75}.Debug|Any CPU.Build.0 = Debug|Any CPU
		{9C4864AD-D649-4A6E-9C1E-45A9BEB8FD75}.Release|Any CPU.ActiveCfg = Release|Any CPU
		{9C4864AD-D649-4A6E-9C1E-45A9BEB8FD75}.Release|Any CPU.Build.0 = Release|Any CPU
		{C98A5155-A567-46C5-8D44-4F2568F41567}.Debug|Any CPU.ActiveCfg = Debug|Any CPU
		{C98A5155-A567-46C5-8D44-4F2568F41567}.Debug|Any CPU.Build.0 = Debug|Any CPU
		{C98A5155-A567-46C5-8D44-4F2568F41567}.Release|Any CPU.ActiveCfg = Release|Any CPU
		{C98A5155-A567-46C5-8D44-4F2568F41567}.Release|Any CPU.Build.0 = Release|Any CPU
		{8EF3BD31-B3E2-4BBC-A0D0-8E4C8728699F}.Debug|Any CPU.ActiveCfg = Debug|Any CPU
		{8EF3BD31-B3E2-4BBC-A0D0-8E4C8728699F}.Debug|Any CPU.Build.0 = Debug|Any CPU
		{8EF3BD31-B3E2-4BBC-A0D0-8E4C8728699F}.Release|Any CPU.ActiveCfg = Release|Any CPU
		{8EF3BD31-B3E2-4BBC-A0D0-8E4C8728699F}.Release|Any CPU.Build.0 = Release|Any CPU
		{7479E275-0666-47BA-AD26-10285A0F1E75}.Debug|Any CPU.ActiveCfg = Debug|Any CPU
		{7479E275-0666-47BA-AD26-10285A0F1E75}.Debug|Any CPU.Build.0 = Debug|Any CPU
		{7479E275-0666-47BA-AD26-10285A0F1E75}.Release|Any CPU.ActiveCfg = Release|Any CPU
		{7479E275-0666-47BA-AD26-10285A0F1E75}.Release|Any CPU.Build.0 = Release|Any CPU
		{920E1683-41C8-4C7C-AA52-E976FEAA4D2D}.Debug|Any CPU.ActiveCfg = Debug|Any CPU
		{920E1683-41C8-4C7C-AA52-E976FEAA4D2D}.Debug|Any CPU.Build.0 = Debug|Any CPU
		{920E1683-41C8-4C7C-AA52-E976FEAA4D2D}.Release|Any CPU.ActiveCfg = Release|Any CPU
		{920E1683-41C8-4C7C-AA52-E976FEAA4D2D}.Release|Any CPU.Build.0 = Release|Any CPU
		{4537345E-B8F7-47A6-8E02-F670B8359797}.Debug|Any CPU.ActiveCfg = Debug|Any CPU
		{4537345E-B8F7-47A6-8E02-F670B8359797}.Debug|Any CPU.Build.0 = Debug|Any CPU
		{4537345E-B8F7-47A6-8E02-F670B8359797}.Release|Any CPU.ActiveCfg = Release|Any CPU
		{4537345E-B8F7-47A6-8E02-F670B8359797}.Release|Any CPU.Build.0 = Release|Any CPU
		{E51D31BA-94BF-4200-80A3-535A95F95BD8}.Debug|Any CPU.ActiveCfg = Debug|Any CPU
		{E51D31BA-94BF-4200-80A3-535A95F95BD8}.Debug|Any CPU.Build.0 = Debug|Any CPU
		{E51D31BA-94BF-4200-80A3-535A95F95BD8}.Release|Any CPU.ActiveCfg = Release|Any CPU
		{E51D31BA-94BF-4200-80A3-535A95F95BD8}.Release|Any CPU.Build.0 = Release|Any CPU
		{72E3DBA1-B2C5-4A32-A41D-54D84624400E}.Debug|Any CPU.ActiveCfg = Debug|Any CPU
		{72E3DBA1-B2C5-4A32-A41D-54D84624400E}.Debug|Any CPU.Build.0 = Debug|Any CPU
		{72E3DBA1-B2C5-4A32-A41D-54D84624400E}.Release|Any CPU.ActiveCfg = Release|Any CPU
		{72E3DBA1-B2C5-4A32-A41D-54D84624400E}.Release|Any CPU.Build.0 = Release|Any CPU
		{28974CF0-7147-43FB-9978-2FA104EDBAD9}.Debug|Any CPU.ActiveCfg = Debug|Any CPU
		{28974CF0-7147-43FB-9978-2FA104EDBAD9}.Debug|Any CPU.Build.0 = Debug|Any CPU
		{28974CF0-7147-43FB-9978-2FA104EDBAD9}.Release|Any CPU.ActiveCfg = Release|Any CPU
		{28974CF0-7147-43FB-9978-2FA104EDBAD9}.Release|Any CPU.Build.0 = Release|Any CPU
		{D9A9C773-1E12-43C2-A665-711277962C00}.Debug|Any CPU.ActiveCfg = Debug|Any CPU
		{D9A9C773-1E12-43C2-A665-711277962C00}.Debug|Any CPU.Build.0 = Debug|Any CPU
		{D9A9C773-1E12-43C2-A665-711277962C00}.Release|Any CPU.ActiveCfg = Release|Any CPU
		{D9A9C773-1E12-43C2-A665-711277962C00}.Release|Any CPU.Build.0 = Release|Any CPU
		{D8DAE070-26E3-451A-8611-8A2756342D49}.Debug|Any CPU.ActiveCfg = Debug|Any CPU
		{D8DAE070-26E3-451A-8611-8A2756342D49}.Debug|Any CPU.Build.0 = Debug|Any CPU
		{D8DAE070-26E3-451A-8611-8A2756342D49}.Release|Any CPU.ActiveCfg = Release|Any CPU
		{D8DAE070-26E3-451A-8611-8A2756342D49}.Release|Any CPU.Build.0 = Release|Any CPU
		{2ED69B18-C56A-4836-9F04-AC24461C6FEF}.Debug|Any CPU.ActiveCfg = Debug|Any CPU
		{2ED69B18-C56A-4836-9F04-AC24461C6FEF}.Debug|Any CPU.Build.0 = Debug|Any CPU
		{2ED69B18-C56A-4836-9F04-AC24461C6FEF}.Release|Any CPU.ActiveCfg = Release|Any CPU
		{2ED69B18-C56A-4836-9F04-AC24461C6FEF}.Release|Any CPU.Build.0 = Release|Any CPU
		{FA1F3056-AD29-4F38-8553-15E690079280}.Debug|Any CPU.ActiveCfg = Debug|Any CPU
		{FA1F3056-AD29-4F38-8553-15E690079280}.Debug|Any CPU.Build.0 = Debug|Any CPU
		{FA1F3056-AD29-4F38-8553-15E690079280}.Release|Any CPU.ActiveCfg = Release|Any CPU
		{FA1F3056-AD29-4F38-8553-15E690079280}.Release|Any CPU.Build.0 = Release|Any CPU
		{8C1102E1-3077-42D5-B0F5-0F473159BD25}.Debug|Any CPU.ActiveCfg = Debug|Any CPU
		{8C1102E1-3077-42D5-B0F5-0F473159BD25}.Debug|Any CPU.Build.0 = Debug|Any CPU
		{8C1102E1-3077-42D5-B0F5-0F473159BD25}.Release|Any CPU.ActiveCfg = Release|Any CPU
		{8C1102E1-3077-42D5-B0F5-0F473159BD25}.Release|Any CPU.Build.0 = Release|Any CPU
		{67D52392-6E87-4DE4-91CD-C4C388E3B344}.Debug|Any CPU.ActiveCfg = Debug|Any CPU
		{67D52392-6E87-4DE4-91CD-C4C388E3B344}.Debug|Any CPU.Build.0 = Debug|Any CPU
		{67D52392-6E87-4DE4-91CD-C4C388E3B344}.Release|Any CPU.ActiveCfg = Release|Any CPU
		{67D52392-6E87-4DE4-91CD-C4C388E3B344}.Release|Any CPU.Build.0 = Release|Any CPU
		{BE41F725-4DDB-4CF5-8B0B-EC35D59FA255}.Debug|Any CPU.ActiveCfg = Debug|Any CPU
		{BE41F725-4DDB-4CF5-8B0B-EC35D59FA255}.Debug|Any CPU.Build.0 = Debug|Any CPU
		{BE41F725-4DDB-4CF5-8B0B-EC35D59FA255}.Release|Any CPU.ActiveCfg = Release|Any CPU
		{BE41F725-4DDB-4CF5-8B0B-EC35D59FA255}.Release|Any CPU.Build.0 = Release|Any CPU
		{1E0A4343-B168-4F5C-923B-A8058E667D28}.Debug|Any CPU.ActiveCfg = Debug|Any CPU
		{1E0A4343-B168-4F5C-923B-A8058E667D28}.Debug|Any CPU.Build.0 = Debug|Any CPU
		{1E0A4343-B168-4F5C-923B-A8058E667D28}.Release|Any CPU.ActiveCfg = Release|Any CPU
		{1E0A4343-B168-4F5C-923B-A8058E667D28}.Release|Any CPU.Build.0 = Release|Any CPU
		{DAB8DF86-D5E6-43DB-A164-9B3E6EF11B65}.Debug|Any CPU.ActiveCfg = Debug|Any CPU
		{DAB8DF86-D5E6-43DB-A164-9B3E6EF11B65}.Debug|Any CPU.Build.0 = Debug|Any CPU
		{DAB8DF86-D5E6-43DB-A164-9B3E6EF11B65}.Release|Any CPU.ActiveCfg = Release|Any CPU
		{DAB8DF86-D5E6-43DB-A164-9B3E6EF11B65}.Release|Any CPU.Build.0 = Release|Any CPU
		{42F10119-2C7E-4EB5-8E5D-3D48AC58759A}.Debug|Any CPU.ActiveCfg = Debug|Any CPU
		{42F10119-2C7E-4EB5-8E5D-3D48AC58759A}.Debug|Any CPU.Build.0 = Debug|Any CPU
		{42F10119-2C7E-4EB5-8E5D-3D48AC58759A}.Release|Any CPU.ActiveCfg = Release|Any CPU
		{42F10119-2C7E-4EB5-8E5D-3D48AC58759A}.Release|Any CPU.Build.0 = Release|Any CPU
		{B860C326-4187-48B8-98EA-BB7A3378EE7F}.Debug|Any CPU.ActiveCfg = Debug|Any CPU
		{B860C326-4187-48B8-98EA-BB7A3378EE7F}.Debug|Any CPU.Build.0 = Debug|Any CPU
		{B860C326-4187-48B8-98EA-BB7A3378EE7F}.Release|Any CPU.ActiveCfg = Release|Any CPU
		{B860C326-4187-48B8-98EA-BB7A3378EE7F}.Release|Any CPU.Build.0 = Release|Any CPU
		{ECB46E8A-C935-4D55-ABEF-150A4AFFB946}.Debug|Any CPU.ActiveCfg = Debug|Any CPU
		{ECB46E8A-C935-4D55-ABEF-150A4AFFB946}.Debug|Any CPU.Build.0 = Debug|Any CPU
		{ECB46E8A-C935-4D55-ABEF-150A4AFFB946}.Release|Any CPU.ActiveCfg = Release|Any CPU
		{ECB46E8A-C935-4D55-ABEF-150A4AFFB946}.Release|Any CPU.Build.0 = Release|Any CPU
		{B627AC2E-17D4-4CE8-A615-5516E69F9BA1}.Debug|Any CPU.ActiveCfg = Debug|Any CPU
		{B627AC2E-17D4-4CE8-A615-5516E69F9BA1}.Debug|Any CPU.Build.0 = Debug|Any CPU
		{B627AC2E-17D4-4CE8-A615-5516E69F9BA1}.Release|Any CPU.ActiveCfg = Release|Any CPU
		{B627AC2E-17D4-4CE8-A615-5516E69F9BA1}.Release|Any CPU.Build.0 = Release|Any CPU
		{43EDCD2B-AC9A-4D0F-8DB5-DC51189F2878}.Debug|Any CPU.ActiveCfg = Debug|Any CPU
		{43EDCD2B-AC9A-4D0F-8DB5-DC51189F2878}.Debug|Any CPU.Build.0 = Debug|Any CPU
		{43EDCD2B-AC9A-4D0F-8DB5-DC51189F2878}.Release|Any CPU.ActiveCfg = Release|Any CPU
		{43EDCD2B-AC9A-4D0F-8DB5-DC51189F2878}.Release|Any CPU.Build.0 = Release|Any CPU
		{F7F68380-1B04-4D02-9F76-E1C3667772FB}.Debug|Any CPU.ActiveCfg = Debug|Any CPU
		{F7F68380-1B04-4D02-9F76-E1C3667772FB}.Debug|Any CPU.Build.0 = Debug|Any CPU
		{F7F68380-1B04-4D02-9F76-E1C3667772FB}.Release|Any CPU.ActiveCfg = Release|Any CPU
		{F7F68380-1B04-4D02-9F76-E1C3667772FB}.Release|Any CPU.Build.0 = Release|Any CPU
		{59A90715-4B88-459B-8211-1552821F858C}.Debug|Any CPU.ActiveCfg = Debug|Any CPU
		{59A90715-4B88-459B-8211-1552821F858C}.Debug|Any CPU.Build.0 = Debug|Any CPU
		{59A90715-4B88-459B-8211-1552821F858C}.Release|Any CPU.ActiveCfg = Release|Any CPU
		{59A90715-4B88-459B-8211-1552821F858C}.Release|Any CPU.Build.0 = Release|Any CPU
		{37A51E57-9000-4E0C-8551-664119831EC9}.Debug|Any CPU.ActiveCfg = Debug|Any CPU
		{37A51E57-9000-4E0C-8551-664119831EC9}.Debug|Any CPU.Build.0 = Debug|Any CPU
		{37A51E57-9000-4E0C-8551-664119831EC9}.Release|Any CPU.ActiveCfg = Release|Any CPU
		{37A51E57-9000-4E0C-8551-664119831EC9}.Release|Any CPU.Build.0 = Release|Any CPU
	EndGlobalSection
	GlobalSection(SolutionProperties) = preSolution
		HideSolutionNode = FALSE
	EndGlobalSection
	GlobalSection(NestedProjects) = preSolution
		{F83C2639-1AD2-4660-86A8-984B64DD9CAA} = {C927EC61-9181-455D-8473-3FB7AB88A997}
		{920E1683-41C8-4C7C-AA52-E976FEAA4D2D} = {C927EC61-9181-455D-8473-3FB7AB88A997}
		{4537345E-B8F7-47A6-8E02-F670B8359797} = {F83C2639-1AD2-4660-86A8-984B64DD9CAA}
		{28974CF0-7147-43FB-9978-2FA104EDBAD9} = {C927EC61-9181-455D-8473-3FB7AB88A997}
		{2ED69B18-C56A-4836-9F04-AC24461C6FEF} = {F83C2639-1AD2-4660-86A8-984B64DD9CAA}
		{8C1102E1-3077-42D5-B0F5-0F473159BD25} = {F83C2639-1AD2-4660-86A8-984B64DD9CAA}
		{BE41F725-4DDB-4CF5-8B0B-EC35D59FA255} = {F83C2639-1AD2-4660-86A8-984B64DD9CAA}
		{1E0A4343-B168-4F5C-923B-A8058E667D28} = {F83C2639-1AD2-4660-86A8-984B64DD9CAA}
		{DAB8DF86-D5E6-43DB-A164-9B3E6EF11B65} = {F83C2639-1AD2-4660-86A8-984B64DD9CAA}
		{42F10119-2C7E-4EB5-8E5D-3D48AC58759A} = {C927EC61-9181-455D-8473-3FB7AB88A997}
		{B860C326-4187-48B8-98EA-BB7A3378EE7F} = {F83C2639-1AD2-4660-86A8-984B64DD9CAA}
		{ECB46E8A-C935-4D55-ABEF-150A4AFFB946} = {F83C2639-1AD2-4660-86A8-984B64DD9CAA}
		{B627AC2E-17D4-4CE8-A615-5516E69F9BA1} = {F83C2639-1AD2-4660-86A8-984B64DD9CAA}
		{43EDCD2B-AC9A-4D0F-8DB5-DC51189F2878} = {F83C2639-1AD2-4660-86A8-984B64DD9CAA}
		{F7F68380-1B04-4D02-9F76-E1C3667772FB} = {F83C2639-1AD2-4660-86A8-984B64DD9CAA}
		{59A90715-4B88-459B-8211-1552821F858C} = {F83C2639-1AD2-4660-86A8-984B64DD9CAA}
		{37A51E57-9000-4E0C-8551-664119831EC9} = {F83C2639-1AD2-4660-86A8-984B64DD9CAA}
	EndGlobalSection
	GlobalSection(ExtensibilityGlobals) = postSolution
		SolutionGuid = {A46F9BCF-9A07-4273-89CA-A06CF807AFCC}
	EndGlobalSection
EndGlobal
